// !$*UTF8*$!
{
	archiveVersion = 1;
	classes = {
	};
	objectVersion = 56;
	objects = {

/* Begin PBXBuildFile section */
		18949F002C85E8B30068112A /* AppDelegate.swift in Sources */ = {isa = PBXBuildFile; fileRef = 18949EFF2C85E8B30068112A /* AppDelegate.swift */; };
		18949F022C85E8B30068112A /* SceneDelegate.swift in Sources */ = {isa = PBXBuildFile; fileRef = 18949F012C85E8B30068112A /* SceneDelegate.swift */; };
		18949F042C85E8B30068112A /* ReportsViewController.swift in Sources */ = {isa = PBXBuildFile; fileRef = 18949F032C85E8B30068112A /* ReportsViewController.swift */; };
		18949F072C85E8B30068112A /* Base in Resources */ = {isa = PBXBuildFile; fileRef = 18949F062C85E8B30068112A /* Base */; };
		18949F092C85E8B40068112A /* Assets.xcassets in Resources */ = {isa = PBXBuildFile; fileRef = 18949F082C85E8B40068112A /* Assets.xcassets */; };
		18949F0C2C85E8B40068112A /* Base in Resources */ = {isa = PBXBuildFile; fileRef = 18949F0B2C85E8B40068112A /* Base */; };
		18949F142C85EC750068112A /* ExerciseRecordViewController.swift in Sources */ = {isa = PBXBuildFile; fileRef = 18949F132C85EC750068112A /* ExerciseRecordViewController.swift */; };
		18949F162C85EC900068112A /* WeightRecordViewController.swift in Sources */ = {isa = PBXBuildFile; fileRef = 18949F152C85EC900068112A /* WeightRecordViewController.swift */; };
		18949F182C85EEC50068112A /* MuscleImageView.swift in Sources */ = {isa = PBXBuildFile; fileRef = 18949F172C85EEC50068112A /* MuscleImageView.swift */; };
		18949F1A2C85EF260068112A /* ReportBodyPartData.swift in Sources */ = {isa = PBXBuildFile; fileRef = 18949F192C85EF260068112A /* ReportBodyPartData.swift */; };
		18949F1E2C85EFA70068112A /* RealmSwift in Frameworks */ = {isa = PBXBuildFile; productRef = 18949F1D2C85EFA70068112A /* RealmSwift */; };
		18949F202C85EFB70068112A /* BodyPart.swift in Sources */ = {isa = PBXBuildFile; fileRef = 18949F1F2C85EFB70068112A /* BodyPart.swift */; };
		18949F252C85F9E10068112A /* TotalNumberPerBodyPartTableViewCell.swift in Sources */ = {isa = PBXBuildFile; fileRef = 18949F242C85F9E10068112A /* TotalNumberPerBodyPartTableViewCell.swift */; };
		18949F272C86003E0068112A /* Exercise.swift in Sources */ = {isa = PBXBuildFile; fileRef = 18949F262C86003E0068112A /* Exercise.swift */; };
		18949F292C8600860068112A /* Schedule.swift in Sources */ = {isa = PBXBuildFile; fileRef = 18949F282C8600860068112A /* Schedule.swift */; };
		18949F2B2C8600C50068112A /* InBody.swift in Sources */ = {isa = PBXBuildFile; fileRef = 18949F2A2C8600C50068112A /* InBody.swift */; };
		18949F2D2C8600DC0068112A /* RealmManager.swift in Sources */ = {isa = PBXBuildFile; fileRef = 18949F2C2C8600DC0068112A /* RealmManager.swift */; };
		18949F302C86062C0068112A /* ReportsViewModel.swift in Sources */ = {isa = PBXBuildFile; fileRef = 18949F2F2C86062C0068112A /* ReportsViewModel.swift */; };
		18949F322C8616060068112A /* MuscleImageTableViewCell.swift in Sources */ = {isa = PBXBuildFile; fileRef = 18949F312C8616060068112A /* MuscleImageTableViewCell.swift */; };
/* End PBXBuildFile section */

/* Begin PBXFileReference section */
		18949EFC2C85E8B30068112A /* MVVMTest.app */ = {isa = PBXFileReference; explicitFileType = wrapper.application; includeInIndex = 0; path = MVVMTest.app; sourceTree = BUILT_PRODUCTS_DIR; };
		18949EFF2C85E8B30068112A /* AppDelegate.swift */ = {isa = PBXFileReference; lastKnownFileType = sourcecode.swift; path = AppDelegate.swift; sourceTree = "<group>"; };
		18949F012C85E8B30068112A /* SceneDelegate.swift */ = {isa = PBXFileReference; lastKnownFileType = sourcecode.swift; path = SceneDelegate.swift; sourceTree = "<group>"; };
		18949F032C85E8B30068112A /* ReportsViewController.swift */ = {isa = PBXFileReference; lastKnownFileType = sourcecode.swift; path = ReportsViewController.swift; sourceTree = "<group>"; };
		18949F062C85E8B30068112A /* Base */ = {isa = PBXFileReference; lastKnownFileType = file.storyboard; name = Base; path = Base.lproj/Main.storyboard; sourceTree = "<group>"; };
		18949F082C85E8B40068112A /* Assets.xcassets */ = {isa = PBXFileReference; lastKnownFileType = folder.assetcatalog; path = Assets.xcassets; sourceTree = "<group>"; };
		18949F0B2C85E8B40068112A /* Base */ = {isa = PBXFileReference; lastKnownFileType = file.storyboard; name = Base; path = Base.lproj/LaunchScreen.storyboard; sourceTree = "<group>"; };
		18949F0D2C85E8B40068112A /* Info.plist */ = {isa = PBXFileReference; lastKnownFileType = text.plist.xml; path = Info.plist; sourceTree = "<group>"; };
		18949F132C85EC750068112A /* ExerciseRecordViewController.swift */ = {isa = PBXFileReference; lastKnownFileType = sourcecode.swift; path = ExerciseRecordViewController.swift; sourceTree = "<group>"; };
		18949F152C85EC900068112A /* WeightRecordViewController.swift */ = {isa = PBXFileReference; lastKnownFileType = sourcecode.swift; path = WeightRecordViewController.swift; sourceTree = "<group>"; };
		18949F172C85EEC50068112A /* MuscleImageView.swift */ = {isa = PBXFileReference; lastKnownFileType = sourcecode.swift; path = MuscleImageView.swift; sourceTree = "<group>"; };
		18949F192C85EF260068112A /* ReportBodyPartData.swift */ = {isa = PBXFileReference; lastKnownFileType = sourcecode.swift; path = ReportBodyPartData.swift; sourceTree = "<group>"; };
		18949F1F2C85EFB70068112A /* BodyPart.swift */ = {isa = PBXFileReference; lastKnownFileType = sourcecode.swift; path = BodyPart.swift; sourceTree = "<group>"; };
		18949F242C85F9E10068112A /* TotalNumberPerBodyPartTableViewCell.swift */ = {isa = PBXFileReference; lastKnownFileType = sourcecode.swift; path = TotalNumberPerBodyPartTableViewCell.swift; sourceTree = "<group>"; };
		18949F262C86003E0068112A /* Exercise.swift */ = {isa = PBXFileReference; lastKnownFileType = sourcecode.swift; path = Exercise.swift; sourceTree = "<group>"; };
		18949F282C8600860068112A /* Schedule.swift */ = {isa = PBXFileReference; lastKnownFileType = sourcecode.swift; path = Schedule.swift; sourceTree = "<group>"; };
		18949F2A2C8600C50068112A /* InBody.swift */ = {isa = PBXFileReference; lastKnownFileType = sourcecode.swift; path = InBody.swift; sourceTree = "<group>"; };
		18949F2C2C8600DC0068112A /* RealmManager.swift */ = {isa = PBXFileReference; lastKnownFileType = sourcecode.swift; path = RealmManager.swift; sourceTree = "<group>"; };
		18949F2F2C86062C0068112A /* ReportsViewModel.swift */ = {isa = PBXFileReference; lastKnownFileType = sourcecode.swift; path = ReportsViewModel.swift; sourceTree = "<group>"; };
		18949F312C8616060068112A /* MuscleImageTableViewCell.swift */ = {isa = PBXFileReference; lastKnownFileType = sourcecode.swift; path = MuscleImageTableViewCell.swift; sourceTree = "<group>"; };
/* End PBXFileReference section */

/* Begin PBXFrameworksBuildPhase section */
		18949EF92C85E8B30068112A /* Frameworks */ = {
			isa = PBXFrameworksBuildPhase;
			buildActionMask = 2147483647;
			files = (
				18949F1E2C85EFA70068112A /* RealmSwift in Frameworks */,
			);
			runOnlyForDeploymentPostprocessing = 0;
		};
/* End PBXFrameworksBuildPhase section */

/* Begin PBXGroup section */
		18949EF32C85E8B30068112A = {
			isa = PBXGroup;
			children = (
				18949EFE2C85E8B30068112A /* MVVMTest */,
				18949EFD2C85E8B30068112A /* Products */,
			);
			sourceTree = "<group>";
		};
		18949EFD2C85E8B30068112A /* Products */ = {
			isa = PBXGroup;
			children = (
				18949EFC2C85E8B30068112A /* MVVMTest.app */,
			);
			name = Products;
			sourceTree = "<group>";
		};
		18949EFE2C85E8B30068112A /* MVVMTest */ = {
			isa = PBXGroup;
			children = (
				18949EFF2C85E8B30068112A /* AppDelegate.swift */,
				18949F012C85E8B30068112A /* SceneDelegate.swift */,
				18949F212C85F81C0068112A /* ViewController */,
				18949F2E2C8606100068112A /* ViewModel */,
				18949F232C85F9B10068112A /* TableViewCell */,
				18949F222C85F82D0068112A /* view */,
				18949F1B2C85EF310068112A /* Model */,
				18949F052C85E8B30068112A /* Main.storyboard */,
				18949F082C85E8B40068112A /* Assets.xcassets */,
				18949F0A2C85E8B40068112A /* LaunchScreen.storyboard */,
				18949F0D2C85E8B40068112A /* Info.plist */,
			);
			path = MVVMTest;
			sourceTree = "<group>";
		};
		18949F1B2C85EF310068112A /* Model */ = {
			isa = PBXGroup;
			children = (
				18949F2C2C8600DC0068112A /* RealmManager.swift */,
				18949F192C85EF260068112A /* ReportBodyPartData.swift */,
				18949F1F2C85EFB70068112A /* BodyPart.swift */,
				18949F262C86003E0068112A /* Exercise.swift */,
				18949F282C8600860068112A /* Schedule.swift */,
				18949F2A2C8600C50068112A /* InBody.swift */,
			);
			path = Model;
			sourceTree = "<group>";
		};
		18949F212C85F81C0068112A /* ViewController */ = {
			isa = PBXGroup;
			children = (
				18949F032C85E8B30068112A /* ReportsViewController.swift */,
				18949F132C85EC750068112A /* ExerciseRecordViewController.swift */,
				18949F152C85EC900068112A /* WeightRecordViewController.swift */,
			);
			path = ViewController;
			sourceTree = "<group>";
		};
		18949F222C85F82D0068112A /* view */ = {
			isa = PBXGroup;
			children = (
				18949F172C85EEC50068112A /* MuscleImageView.swift */,
			);
			path = view;
			sourceTree = "<group>";
		};
		18949F232C85F9B10068112A /* TableViewCell */ = {
			isa = PBXGroup;
			children = (
				18949F312C8616060068112A /* MuscleImageTableViewCell.swift */,
				18949F242C85F9E10068112A /* TotalNumberPerBodyPartTableViewCell.swift */,
			);
			path = TableViewCell;
			sourceTree = "<group>";
		};
		18949F2E2C8606100068112A /* ViewModel */ = {
			isa = PBXGroup;
			children = (
				18949F2F2C86062C0068112A /* ReportsViewModel.swift */,
			);
			path = ViewModel;
			sourceTree = "<group>";
		};
/* End PBXGroup section */

/* Begin PBXNativeTarget section */
		18949EFB2C85E8B30068112A /* MVVMTest */ = {
			isa = PBXNativeTarget;
			buildConfigurationList = 18949F102C85E8B40068112A /* Build configuration list for PBXNativeTarget "MVVMTest" */;
			buildPhases = (
				18949EF82C85E8B30068112A /* Sources */,
				18949EF92C85E8B30068112A /* Frameworks */,
				18949EFA2C85E8B30068112A /* Resources */,
			);
			buildRules = (
			);
			dependencies = (
			);
			name = MVVMTest;
			packageProductDependencies = (
				18949F1D2C85EFA70068112A /* RealmSwift */,
			);
			productName = MVVMTest;
			productReference = 18949EFC2C85E8B30068112A /* MVVMTest.app */;
			productType = "com.apple.product-type.application";
		};
/* End PBXNativeTarget section */

/* Begin PBXProject section */
		18949EF42C85E8B30068112A /* Project object */ = {
			isa = PBXProject;
			attributes = {
				BuildIndependentTargetsInParallel = 1;
				LastSwiftUpdateCheck = 1540;
				LastUpgradeCheck = 1540;
				TargetAttributes = {
					18949EFB2C85E8B30068112A = {
						CreatedOnToolsVersion = 15.4;
					};
				};
			};
			buildConfigurationList = 18949EF72C85E8B30068112A /* Build configuration list for PBXProject "MVVMTest" */;
			compatibilityVersion = "Xcode 14.0";
			developmentRegion = en;
			hasScannedForEncodings = 0;
			knownRegions = (
				en,
				Base,
			);
			mainGroup = 18949EF32C85E8B30068112A;
			packageReferences = (
				18949F1C2C85EFA70068112A /* XCRemoteSwiftPackageReference "realm-swift" */,
			);
			productRefGroup = 18949EFD2C85E8B30068112A /* Products */;
			projectDirPath = "";
			projectRoot = "";
			targets = (
				18949EFB2C85E8B30068112A /* MVVMTest */,
			);
		};
/* End PBXProject section */

/* Begin PBXResourcesBuildPhase section */
		18949EFA2C85E8B30068112A /* Resources */ = {
			isa = PBXResourcesBuildPhase;
			buildActionMask = 2147483647;
			files = (
				18949F092C85E8B40068112A /* Assets.xcassets in Resources */,
				18949F0C2C85E8B40068112A /* Base in Resources */,
				18949F072C85E8B30068112A /* Base in Resources */,
			);
			runOnlyForDeploymentPostprocessing = 0;
		};
/* End PBXResourcesBuildPhase section */

/* Begin PBXSourcesBuildPhase section */
		18949EF82C85E8B30068112A /* Sources */ = {
			isa = PBXSourcesBuildPhase;
			buildActionMask = 2147483647;
			files = (
				18949F2D2C8600DC0068112A /* RealmManager.swift in Sources */,
				18949F2B2C8600C50068112A /* InBody.swift in Sources */,
				18949F042C85E8B30068112A /* ReportsViewController.swift in Sources */,
				18949F322C8616060068112A /* MuscleImageTableViewCell.swift in Sources */,
				18949F002C85E8B30068112A /* AppDelegate.swift in Sources */,
				18949F292C8600860068112A /* Schedule.swift in Sources */,
				18949F162C85EC900068112A /* WeightRecordViewController.swift in Sources */,
				18949F252C85F9E10068112A /* TotalNumberPerBodyPartTableViewCell.swift in Sources */,
				18949F182C85EEC50068112A /* MuscleImageView.swift in Sources */,
				18949F272C86003E0068112A /* Exercise.swift in Sources */,
				18949F1A2C85EF260068112A /* ReportBodyPartData.swift in Sources */,
				18949F302C86062C0068112A /* ReportsViewModel.swift in Sources */,
				18949F022C85E8B30068112A /* SceneDelegate.swift in Sources */,
				18949F202C85EFB70068112A /* BodyPart.swift in Sources */,
				18949F142C85EC750068112A /* ExerciseRecordViewController.swift in Sources */,
			);
			runOnlyForDeploymentPostprocessing = 0;
		};
/* End PBXSourcesBuildPhase section */

/* Begin PBXVariantGroup section */
		18949F052C85E8B30068112A /* Main.storyboard */ = {
			isa = PBXVariantGroup;
			children = (
				18949F062C85E8B30068112A /* Base */,
			);
			name = Main.storyboard;
			sourceTree = "<group>";
		};
		18949F0A2C85E8B40068112A /* LaunchScreen.storyboard */ = {
			isa = PBXVariantGroup;
			children = (
				18949F0B2C85E8B40068112A /* Base */,
			);
			name = LaunchScreen.storyboard;
			sourceTree = "<group>";
		};
/* End PBXVariantGroup section */

/* Begin XCBuildConfiguration section */
		18949F0E2C85E8B40068112A /* Debug */ = {
			isa = XCBuildConfiguration;
			buildSettings = {
				ALWAYS_SEARCH_USER_PATHS = NO;
				ASSETCATALOG_COMPILER_GENERATE_SWIFT_ASSET_SYMBOL_EXTENSIONS = YES;
				CLANG_ANALYZER_NONNULL = YES;
				CLANG_ANALYZER_NUMBER_OBJECT_CONVERSION = YES_AGGRESSIVE;
				CLANG_CXX_LANGUAGE_STANDARD = "gnu++20";
				CLANG_ENABLE_MODULES = YES;
				CLANG_ENABLE_OBJC_ARC = YES;
				CLANG_ENABLE_OBJC_WEAK = YES;
				CLANG_WARN_BLOCK_CAPTURE_AUTORELEASING = YES;
				CLANG_WARN_BOOL_CONVERSION = YES;
				CLANG_WARN_COMMA = YES;
				CLANG_WARN_CONSTANT_CONVERSION = YES;
				CLANG_WARN_DEPRECATED_OBJC_IMPLEMENTATIONS = YES;
				CLANG_WARN_DIRECT_OBJC_ISA_USAGE = YES_ERROR;
				CLANG_WARN_DOCUMENTATION_COMMENTS = YES;
				CLANG_WARN_EMPTY_BODY = YES;
				CLANG_WARN_ENUM_CONVERSION = YES;
				CLANG_WARN_INFINITE_RECURSION = YES;
				CLANG_WARN_INT_CONVERSION = YES;
				CLANG_WARN_NON_LITERAL_NULL_CONVERSION = YES;
				CLANG_WARN_OBJC_IMPLICIT_RETAIN_SELF = YES;
				CLANG_WARN_OBJC_LITERAL_CONVERSION = YES;
				CLANG_WARN_OBJC_ROOT_CLASS = YES_ERROR;
				CLANG_WARN_QUOTED_INCLUDE_IN_FRAMEWORK_HEADER = YES;
				CLANG_WARN_RANGE_LOOP_ANALYSIS = YES;
				CLANG_WARN_STRICT_PROTOTYPES = YES;
				CLANG_WARN_SUSPICIOUS_MOVE = YES;
				CLANG_WARN_UNGUARDED_AVAILABILITY = YES_AGGRESSIVE;
				CLANG_WARN_UNREACHABLE_CODE = YES;
				CLANG_WARN__DUPLICATE_METHOD_MATCH = YES;
				COPY_PHASE_STRIP = NO;
				DEBUG_INFORMATION_FORMAT = dwarf;
				ENABLE_STRICT_OBJC_MSGSEND = YES;
				ENABLE_TESTABILITY = YES;
				ENABLE_USER_SCRIPT_SANDBOXING = YES;
				GCC_C_LANGUAGE_STANDARD = gnu17;
				GCC_DYNAMIC_NO_PIC = NO;
				GCC_NO_COMMON_BLOCKS = YES;
				GCC_OPTIMIZATION_LEVEL = 0;
				GCC_PREPROCESSOR_DEFINITIONS = (
					"DEBUG=1",
					"$(inherited)",
				);
				GCC_WARN_64_TO_32_BIT_CONVERSION = YES;
				GCC_WARN_ABOUT_RETURN_TYPE = YES_ERROR;
				GCC_WARN_UNDECLARED_SELECTOR = YES;
				GCC_WARN_UNINITIALIZED_AUTOS = YES_AGGRESSIVE;
				GCC_WARN_UNUSED_FUNCTION = YES;
				GCC_WARN_UNUSED_VARIABLE = YES;
				IPHONEOS_DEPLOYMENT_TARGET = 17.5;
				LOCALIZATION_PREFERS_STRING_CATALOGS = YES;
				MTL_ENABLE_DEBUG_INFO = INCLUDE_SOURCE;
				MTL_FAST_MATH = YES;
				ONLY_ACTIVE_ARCH = YES;
				SDKROOT = iphoneos;
				SWIFT_ACTIVE_COMPILATION_CONDITIONS = "DEBUG $(inherited)";
				SWIFT_OPTIMIZATION_LEVEL = "-Onone";
			};
			name = Debug;
		};
		18949F0F2C85E8B40068112A /* Release */ = {
			isa = XCBuildConfiguration;
			buildSettings = {
				ALWAYS_SEARCH_USER_PATHS = NO;
				ASSETCATALOG_COMPILER_GENERATE_SWIFT_ASSET_SYMBOL_EXTENSIONS = YES;
				CLANG_ANALYZER_NONNULL = YES;
				CLANG_ANALYZER_NUMBER_OBJECT_CONVERSION = YES_AGGRESSIVE;
				CLANG_CXX_LANGUAGE_STANDARD = "gnu++20";
				CLANG_ENABLE_MODULES = YES;
				CLANG_ENABLE_OBJC_ARC = YES;
				CLANG_ENABLE_OBJC_WEAK = YES;
				CLANG_WARN_BLOCK_CAPTURE_AUTORELEASING = YES;
				CLANG_WARN_BOOL_CONVERSION = YES;
				CLANG_WARN_COMMA = YES;
				CLANG_WARN_CONSTANT_CONVERSION = YES;
				CLANG_WARN_DEPRECATED_OBJC_IMPLEMENTATIONS = YES;
				CLANG_WARN_DIRECT_OBJC_ISA_USAGE = YES_ERROR;
				CLANG_WARN_DOCUMENTATION_COMMENTS = YES;
				CLANG_WARN_EMPTY_BODY = YES;
				CLANG_WARN_ENUM_CONVERSION = YES;
				CLANG_WARN_INFINITE_RECURSION = YES;
				CLANG_WARN_INT_CONVERSION = YES;
				CLANG_WARN_NON_LITERAL_NULL_CONVERSION = YES;
				CLANG_WARN_OBJC_IMPLICIT_RETAIN_SELF = YES;
				CLANG_WARN_OBJC_LITERAL_CONVERSION = YES;
				CLANG_WARN_OBJC_ROOT_CLASS = YES_ERROR;
				CLANG_WARN_QUOTED_INCLUDE_IN_FRAMEWORK_HEADER = YES;
				CLANG_WARN_RANGE_LOOP_ANALYSIS = YES;
				CLANG_WARN_STRICT_PROTOTYPES = YES;
				CLANG_WARN_SUSPICIOUS_MOVE = YES;
				CLANG_WARN_UNGUARDED_AVAILABILITY = YES_AGGRESSIVE;
				CLANG_WARN_UNREACHABLE_CODE = YES;
				CLANG_WARN__DUPLICATE_METHOD_MATCH = YES;
				COPY_PHASE_STRIP = NO;
				DEBUG_INFORMATION_FORMAT = "dwarf-with-dsym";
				ENABLE_NS_ASSERTIONS = NO;
				ENABLE_STRICT_OBJC_MSGSEND = YES;
				ENABLE_USER_SCRIPT_SANDBOXING = YES;
				GCC_C_LANGUAGE_STANDARD = gnu17;
				GCC_NO_COMMON_BLOCKS = YES;
				GCC_WARN_64_TO_32_BIT_CONVERSION = YES;
				GCC_WARN_ABOUT_RETURN_TYPE = YES_ERROR;
				GCC_WARN_UNDECLARED_SELECTOR = YES;
				GCC_WARN_UNINITIALIZED_AUTOS = YES_AGGRESSIVE;
				GCC_WARN_UNUSED_FUNCTION = YES;
				GCC_WARN_UNUSED_VARIABLE = YES;
				IPHONEOS_DEPLOYMENT_TARGET = 17.5;
				LOCALIZATION_PREFERS_STRING_CATALOGS = YES;
				MTL_ENABLE_DEBUG_INFO = NO;
				MTL_FAST_MATH = YES;
				SDKROOT = iphoneos;
				SWIFT_COMPILATION_MODE = wholemodule;
				VALIDATE_PRODUCT = YES;
			};
			name = Release;
		};
		18949F112C85E8B40068112A /* Debug */ = {
			isa = XCBuildConfiguration;
			buildSettings = {
				ASSETCATALOG_COMPILER_APPICON_NAME = AppIcon;
				ASSETCATALOG_COMPILER_GLOBAL_ACCENT_COLOR_NAME = AccentColor;
				CODE_SIGN_STYLE = Automatic;
				CURRENT_PROJECT_VERSION = 1;
				GENERATE_INFOPLIST_FILE = YES;
				INFOPLIST_FILE = MVVMTest/Info.plist;
				INFOPLIST_KEY_UIApplicationSupportsIndirectInputEvents = YES;
				INFOPLIST_KEY_UILaunchStoryboardName = LaunchScreen;
				INFOPLIST_KEY_UIMainStoryboardFile = Main;
				INFOPLIST_KEY_UISupportedInterfaceOrientations_iPad = "UIInterfaceOrientationPortrait UIInterfaceOrientationPortraitUpsideDown UIInterfaceOrientationLandscapeLeft UIInterfaceOrientationLandscapeRight";
				INFOPLIST_KEY_UISupportedInterfaceOrientations_iPhone = "UIInterfaceOrientationPortrait UIInterfaceOrientationLandscapeLeft UIInterfaceOrientationLandscapeRight";
				LD_RUNPATH_SEARCH_PATHS = (
					"$(inherited)",
					"@executable_path/Frameworks",
				);
				MARKETING_VERSION = 1.0;
				PRODUCT_BUNDLE_IDENTIFIER = kr.co.wnyl.MVVMTest;
				PRODUCT_NAME = "$(TARGET_NAME)";
				SWIFT_EMIT_LOC_STRINGS = YES;
				SWIFT_VERSION = 5.0;
				TARGETED_DEVICE_FAMILY = "1,2";
			};
			name = Debug;
		};
		18949F122C85E8B40068112A /* Release */ = {
			isa = XCBuildConfiguration;
			buildSettings = {
				ASSETCATALOG_COMPILER_APPICON_NAME = AppIcon;
				ASSETCATALOG_COMPILER_GLOBAL_ACCENT_COLOR_NAME = AccentColor;
				CODE_SIGN_STYLE = Automatic;
				CURRENT_PROJECT_VERSION = 1;
				GENERATE_INFOPLIST_FILE = YES;
				INFOPLIST_FILE = MVVMTest/Info.plist;
				INFOPLIST_KEY_UIApplicationSupportsIndirectInputEvents = YES;
				INFOPLIST_KEY_UILaunchStoryboardName = LaunchScreen;
				INFOPLIST_KEY_UIMainStoryboardFile = Main;
				INFOPLIST_KEY_UISupportedInterfaceOrientations_iPad = "UIInterfaceOrientationPortrait UIInterfaceOrientationPortraitUpsideDown UIInterfaceOrientationLandscapeLeft UIInterfaceOrientationLandscapeRight";
				INFOPLIST_KEY_UISupportedInterfaceOrientations_iPhone = "UIInterfaceOrientationPortrait UIInterfaceOrientationLandscapeLeft UIInterfaceOrientationLandscapeRight";
				LD_RUNPATH_SEARCH_PATHS = (
					"$(inherited)",
					"@executable_path/Frameworks",
				);
				MARKETING_VERSION = 1.0;
				PRODUCT_BUNDLE_IDENTIFIER = kr.co.wnyl.MVVMTest;
				PRODUCT_NAME = "$(TARGET_NAME)";
				SWIFT_EMIT_LOC_STRINGS = YES;
				SWIFT_VERSION = 5.0;
				TARGETED_DEVICE_FAMILY = "1,2";
			};
			name = Release;
		};
/* End XCBuildConfiguration section */

/* Begin XCConfigurationList section */
		18949EF72C85E8B30068112A /* Build configuration list for PBXProject "MVVMTest" */ = {
			isa = XCConfigurationList;
			buildConfigurations = (
				18949F0E2C85E8B40068112A /* Debug */,
				18949F0F2C85E8B40068112A /* Release */,
			);
			defaultConfigurationIsVisible = 0;
			defaultConfigurationName = Release;
		};
		18949F102C85E8B40068112A /* Build configuration list for PBXNativeTarget "MVVMTest" */ = {
			isa = XCConfigurationList;
			buildConfigurations = (
				18949F112C85E8B40068112A /* Debug */,
				18949F122C85E8B40068112A /* Release */,
			);
			defaultConfigurationIsVisible = 0;
			defaultConfigurationName = Release;
		};
/* End XCConfigurationList section */

/* Begin XCRemoteSwiftPackageReference section */
		18949F1C2C85EFA70068112A /* XCRemoteSwiftPackageReference "realm-swift" */ = {
			isa = XCRemoteSwiftPackageReference;
			repositoryURL = "https://github.com/realm/realm-swift";
			requirement = {
				branch = master;
				kind = branch;
			};
		};
/* End XCRemoteSwiftPackageReference section */

/* Begin XCSwiftPackageProductDependency section */
		18949F1D2C85EFA70068112A /* RealmSwift */ = {
			isa = XCSwiftPackageProductDependency;
			package = 18949F1C2C85EFA70068112A /* XCRemoteSwiftPackageReference "realm-swift" */;
			productName = RealmSwift;
		};
/* End XCSwiftPackageProductDependency section */
	};
	rootObject = 18949EF42C85E8B30068112A /* Project object */;
}
